// !$*UTF8*$!
{
	archiveVersion = 1;
	classes = {
	};
	objectVersion = 56;
	objects = {

/* Begin PBXBuildFile section */
		2F4C87C12C9BC647001D3BCD /* AppDelegate.swift in Sources */ = {isa = PBXBuildFile; fileRef = 2F4C87C02C9BC647001D3BCD /* AppDelegate.swift */; };
		2F4C87C32C9BC647001D3BCD /* SceneDelegate.swift in Sources */ = {isa = PBXBuildFile; fileRef = 2F4C87C22C9BC647001D3BCD /* SceneDelegate.swift */; };
		2F4C87C52C9BC647001D3BCD /* GameViewController.swift in Sources */ = {isa = PBXBuildFile; fileRef = 2F4C87C42C9BC647001D3BCD /* GameViewController.swift */; };
		2F4C87C82C9BC647001D3BCD /* Base in Resources */ = {isa = PBXBuildFile; fileRef = 2F4C87C72C9BC647001D3BCD /* Base */; };
		2F4C87CA2C9BC649001D3BCD /* Assets.xcassets in Resources */ = {isa = PBXBuildFile; fileRef = 2F4C87C92C9BC649001D3BCD /* Assets.xcassets */; };
		2F4C87CD2C9BC649001D3BCD /* Base in Resources */ = {isa = PBXBuildFile; fileRef = 2F4C87CC2C9BC649001D3BCD /* Base */; };
		2F4C87D52C9BC6E3001D3BCD /* Player.swift in Sources */ = {isa = PBXBuildFile; fileRef = 2F4C87D42C9BC6E3001D3BCD /* Player.swift */; };
		2F7325C62C9CE0E300DC0E51 /* MenuViewController.swift in Sources */ = {isa = PBXBuildFile; fileRef = 2F7325C52C9CE0E300DC0E51 /* MenuViewController.swift */; };
		2F93F63A2CAB3B3500DAA47B /* Notes.txt in Resources */ = {isa = PBXBuildFile; fileRef = 2F93F6392CAB3B3500DAA47B /* Notes.txt */; };
		2FC45A8B2CA8AEAA0040D84C /* RulesViewController.swift in Sources */ = {isa = PBXBuildFile; fileRef = 2FC45A8A2CA8AEAA0040D84C /* RulesViewController.swift */; };
/* End PBXBuildFile section */

/* Begin PBXFileReference section */
		2F4C87BD2C9BC647001D3BCD /* Yahtzee.app */ = {isa = PBXFileReference; explicitFileType = wrapper.application; includeInIndex = 0; path = Yahtzee.app; sourceTree = BUILT_PRODUCTS_DIR; };
		2F4C87C02C9BC647001D3BCD /* AppDelegate.swift */ = {isa = PBXFileReference; lastKnownFileType = sourcecode.swift; path = AppDelegate.swift; sourceTree = "<group>"; };
		2F4C87C22C9BC647001D3BCD /* SceneDelegate.swift */ = {isa = PBXFileReference; lastKnownFileType = sourcecode.swift; path = SceneDelegate.swift; sourceTree = "<group>"; };
		2F4C87C42C9BC647001D3BCD /* GameViewController.swift */ = {isa = PBXFileReference; lastKnownFileType = sourcecode.swift; path = GameViewController.swift; sourceTree = "<group>"; };
		2F4C87C72C9BC647001D3BCD /* Base */ = {isa = PBXFileReference; lastKnownFileType = file.storyboard; name = Base; path = Base.lproj/Main.storyboard; sourceTree = "<group>"; };
		2F4C87C92C9BC649001D3BCD /* Assets.xcassets */ = {isa = PBXFileReference; lastKnownFileType = folder.assetcatalog; path = Assets.xcassets; sourceTree = "<group>"; };
		2F4C87CC2C9BC649001D3BCD /* Base */ = {isa = PBXFileReference; lastKnownFileType = file.storyboard; name = Base; path = Base.lproj/LaunchScreen.storyboard; sourceTree = "<group>"; };
		2F4C87CE2C9BC649001D3BCD /* Info.plist */ = {isa = PBXFileReference; lastKnownFileType = text.plist.xml; path = Info.plist; sourceTree = "<group>"; };
		2F4C87D42C9BC6E3001D3BCD /* Player.swift */ = {isa = PBXFileReference; lastKnownFileType = sourcecode.swift; path = Player.swift; sourceTree = "<group>"; };
		2F7325C52C9CE0E300DC0E51 /* MenuViewController.swift */ = {isa = PBXFileReference; lastKnownFileType = sourcecode.swift; path = MenuViewController.swift; sourceTree = "<group>"; };
		2F93F6392CAB3B3500DAA47B /* Notes.txt */ = {isa = PBXFileReference; lastKnownFileType = text; path = Notes.txt; sourceTree = "<group>"; };
		2FC45A8A2CA8AEAA0040D84C /* RulesViewController.swift */ = {isa = PBXFileReference; lastKnownFileType = sourcecode.swift; path = RulesViewController.swift; sourceTree = "<group>"; };
/* End PBXFileReference section */

/* Begin PBXFrameworksBuildPhase section */
		2F4C87BA2C9BC647001D3BCD /* Frameworks */ = {
			isa = PBXFrameworksBuildPhase;
			buildActionMask = 2147483647;
			files = (
			);
			runOnlyForDeploymentPostprocessing = 0;
		};
/* End PBXFrameworksBuildPhase section */

/* Begin PBXGroup section */
		2F4C87B42C9BC647001D3BCD = {
			isa = PBXGroup;
			children = (
				2F4C87BF2C9BC647001D3BCD /* Yahtzee */,
				2F4C87BE2C9BC647001D3BCD /* Products */,
			);
			sourceTree = "<group>";
		};
		2F4C87BE2C9BC647001D3BCD /* Products */ = {
			isa = PBXGroup;
			children = (
				2F4C87BD2C9BC647001D3BCD /* Yahtzee.app */,
			);
			name = Products;
			sourceTree = "<group>";
		};
		2F4C87BF2C9BC647001D3BCD /* Yahtzee */ = {
			isa = PBXGroup;
			children = (
				2F4C87C02C9BC647001D3BCD /* AppDelegate.swift */,
				2F4C87C22C9BC647001D3BCD /* SceneDelegate.swift */,
				2F7325C52C9CE0E300DC0E51 /* MenuViewController.swift */,
				2FC45A8A2CA8AEAA0040D84C /* RulesViewController.swift */,
				2F4C87C42C9BC647001D3BCD /* GameViewController.swift */,
				2F4C87D42C9BC6E3001D3BCD /* Player.swift */,
				2F4C87C62C9BC647001D3BCD /* Main.storyboard */,
				2F4C87C92C9BC649001D3BCD /* Assets.xcassets */,
				2F4C87CB2C9BC649001D3BCD /* LaunchScreen.storyboard */,
				2F4C87CE2C9BC649001D3BCD /* Info.plist */,
				2F93F6392CAB3B3500DAA47B /* Notes.txt */,
			);
			path = Yahtzee;
			sourceTree = "<group>";
		};
/* End PBXGroup section */

/* Begin PBXNativeTarget section */
		2F4C87BC2C9BC647001D3BCD /* Yahtzee */ = {
			isa = PBXNativeTarget;
			buildConfigurationList = 2F4C87D12C9BC649001D3BCD /* Build configuration list for PBXNativeTarget "Yahtzee" */;
			buildPhases = (
				2F4C87B92C9BC647001D3BCD /* Sources */,
				2F4C87BA2C9BC647001D3BCD /* Frameworks */,
				2F4C87BB2C9BC647001D3BCD /* Resources */,
			);
			buildRules = (
			);
			dependencies = (
			);
			name = Yahtzee;
			productName = Yahtzee;
			productReference = 2F4C87BD2C9BC647001D3BCD /* Yahtzee.app */;
			productType = "com.apple.product-type.application";
		};
/* End PBXNativeTarget section */

/* Begin PBXProject section */
		2F4C87B52C9BC647001D3BCD /* Project object */ = {
			isa = PBXProject;
			attributes = {
				BuildIndependentTargetsInParallel = 1;
				LastSwiftUpdateCheck = 1540;
				LastUpgradeCheck = 1540;
				TargetAttributes = {
					2F4C87BC2C9BC647001D3BCD = {
						CreatedOnToolsVersion = 15.4;
					};
				};
			};
			buildConfigurationList = 2F4C87B82C9BC647001D3BCD /* Build configuration list for PBXProject "Yahtzee" */;
			compatibilityVersion = "Xcode 14.0";
			developmentRegion = en;
			hasScannedForEncodings = 0;
			knownRegions = (
				en,
				Base,
			);
			mainGroup = 2F4C87B42C9BC647001D3BCD;
			productRefGroup = 2F4C87BE2C9BC647001D3BCD /* Products */;
			projectDirPath = "";
			projectRoot = "";
			targets = (
				2F4C87BC2C9BC647001D3BCD /* Yahtzee */,
			);
		};
/* End PBXProject section */

/* Begin PBXResourcesBuildPhase section */
		2F4C87BB2C9BC647001D3BCD /* Resources */ = {
			isa = PBXResourcesBuildPhase;
			buildActionMask = 2147483647;
			files = (
				2F93F63A2CAB3B3500DAA47B /* Notes.txt in Resources */,
				2F4C87CA2C9BC649001D3BCD /* Assets.xcassets in Resources */,
				2F4C87CD2C9BC649001D3BCD /* Base in Resources */,
				2F4C87C82C9BC647001D3BCD /* Base in Resources */,
			);
			runOnlyForDeploymentPostprocessing = 0;
		};
/* End PBXResourcesBuildPhase section */

/* Begin PBXSourcesBuildPhase section */
		2F4C87B92C9BC647001D3BCD /* Sources */ = {
			isa = PBXSourcesBuildPhase;
			buildActionMask = 2147483647;
			files = (
				2F4C87D52C9BC6E3001D3BCD /* Player.swift in Sources */,
				2F7325C62C9CE0E300DC0E51 /* MenuViewController.swift in Sources */,
				2F4C87C52C9BC647001D3BCD /* GameViewController.swift in Sources */,
				2F4C87C12C9BC647001D3BCD /* AppDelegate.swift in Sources */,
				2FC45A8B2CA8AEAA0040D84C /* RulesViewController.swift in Sources */,
				2F4C87C32C9BC647001D3BCD /* SceneDelegate.swift in Sources */,
			);
			runOnlyForDeploymentPostprocessing = 0;
		};
/* End PBXSourcesBuildPhase section */

/* Begin PBXVariantGroup section */
		2F4C87C62C9BC647001D3BCD /* Main.storyboard */ = {
			isa = PBXVariantGroup;
			children = (
				2F4C87C72C9BC647001D3BCD /* Base */,
			);
			name = Main.storyboard;
			sourceTree = "<group>";
		};
		2F4C87CB2C9BC649001D3BCD /* LaunchScreen.storyboard */ = {
			isa = PBXVariantGroup;
			children = (
				2F4C87CC2C9BC649001D3BCD /* Base */,
			);
			name = LaunchScreen.storyboard;
			sourceTree = "<group>";
		};
/* End PBXVariantGroup section */

/* Begin XCBuildConfiguration section */
		2F4C87CF2C9BC649001D3BCD /* Debug */ = {
			isa = XCBuildConfiguration;
			buildSettings = {
				ALWAYS_SEARCH_USER_PATHS = NO;
				ASSETCATALOG_COMPILER_GENERATE_SWIFT_ASSET_SYMBOL_EXTENSIONS = YES;
				CLANG_ANALYZER_NONNULL = YES;
				CLANG_ANALYZER_NUMBER_OBJECT_CONVERSION = YES_AGGRESSIVE;
				CLANG_CXX_LANGUAGE_STANDARD = "gnu++20";
				CLANG_ENABLE_MODULES = YES;
				CLANG_ENABLE_OBJC_ARC = YES;
				CLANG_ENABLE_OBJC_WEAK = YES;
				CLANG_WARN_BLOCK_CAPTURE_AUTORELEASING = YES;
				CLANG_WARN_BOOL_CONVERSION = YES;
				CLANG_WARN_COMMA = YES;
				CLANG_WARN_CONSTANT_CONVERSION = YES;
				CLANG_WARN_DEPRECATED_OBJC_IMPLEMENTATIONS = YES;
				CLANG_WARN_DIRECT_OBJC_ISA_USAGE = YES_ERROR;
				CLANG_WARN_DOCUMENTATION_COMMENTS = YES;
				CLANG_WARN_EMPTY_BODY = YES;
				CLANG_WARN_ENUM_CONVERSION = YES;
				CLANG_WARN_INFINITE_RECURSION = YES;
				CLANG_WARN_INT_CONVERSION = YES;
				CLANG_WARN_NON_LITERAL_NULL_CONVERSION = YES;
				CLANG_WARN_OBJC_IMPLICIT_RETAIN_SELF = YES;
				CLANG_WARN_OBJC_LITERAL_CONVERSION = YES;
				CLANG_WARN_OBJC_ROOT_CLASS = YES_ERROR;
				CLANG_WARN_QUOTED_INCLUDE_IN_FRAMEWORK_HEADER = YES;
				CLANG_WARN_RANGE_LOOP_ANALYSIS = YES;
				CLANG_WARN_STRICT_PROTOTYPES = YES;
				CLANG_WARN_SUSPICIOUS_MOVE = YES;
				CLANG_WARN_UNGUARDED_AVAILABILITY = YES_AGGRESSIVE;
				CLANG_WARN_UNREACHABLE_CODE = YES;
				CLANG_WARN__DUPLICATE_METHOD_MATCH = YES;
				COPY_PHASE_STRIP = NO;
				DEBUG_INFORMATION_FORMAT = dwarf;
				ENABLE_STRICT_OBJC_MSGSEND = YES;
				ENABLE_TESTABILITY = YES;
				ENABLE_USER_SCRIPT_SANDBOXING = YES;
				GCC_C_LANGUAGE_STANDARD = gnu17;
				GCC_DYNAMIC_NO_PIC = NO;
				GCC_NO_COMMON_BLOCKS = YES;
				GCC_OPTIMIZATION_LEVEL = 0;
				GCC_PREPROCESSOR_DEFINITIONS = (
					"DEBUG=1",
					"$(inherited)",
				);
				GCC_WARN_64_TO_32_BIT_CONVERSION = YES;
				GCC_WARN_ABOUT_RETURN_TYPE = YES_ERROR;
				GCC_WARN_UNDECLARED_SELECTOR = YES;
				GCC_WARN_UNINITIALIZED_AUTOS = YES_AGGRESSIVE;
				GCC_WARN_UNUSED_FUNCTION = YES;
				GCC_WARN_UNUSED_VARIABLE = YES;
				IPHONEOS_DEPLOYMENT_TARGET = 17.5;
				LOCALIZATION_PREFERS_STRING_CATALOGS = YES;
				MTL_ENABLE_DEBUG_INFO = INCLUDE_SOURCE;
				MTL_FAST_MATH = YES;
				ONLY_ACTIVE_ARCH = YES;
				SDKROOT = iphoneos;
				SWIFT_ACTIVE_COMPILATION_CONDITIONS = "DEBUG $(inherited)";
				SWIFT_OPTIMIZATION_LEVEL = "-Onone";
			};
			name = Debug;
		};
		2F4C87D02C9BC649001D3BCD /* Release */ = {
			isa = XCBuildConfiguration;
			buildSettings = {
				ALWAYS_SEARCH_USER_PATHS = NO;
				ASSETCATALOG_COMPILER_GENERATE_SWIFT_ASSET_SYMBOL_EXTENSIONS = YES;
				CLANG_ANALYZER_NONNULL = YES;
				CLANG_ANALYZER_NUMBER_OBJECT_CONVERSION = YES_AGGRESSIVE;
				CLANG_CXX_LANGUAGE_STANDARD = "gnu++20";
				CLANG_ENABLE_MODULES = YES;
				CLANG_ENABLE_OBJC_ARC = YES;
				CLANG_ENABLE_OBJC_WEAK = YES;
				CLANG_WARN_BLOCK_CAPTURE_AUTORELEASING = YES;
				CLANG_WARN_BOOL_CONVERSION = YES;
				CLANG_WARN_COMMA = YES;
				CLANG_WARN_CONSTANT_CONVERSION = YES;
				CLANG_WARN_DEPRECATED_OBJC_IMPLEMENTATIONS = YES;
				CLANG_WARN_DIRECT_OBJC_ISA_USAGE = YES_ERROR;
				CLANG_WARN_DOCUMENTATION_COMMENTS = YES;
				CLANG_WARN_EMPTY_BODY = YES;
				CLANG_WARN_ENUM_CONVERSION = YES;
				CLANG_WARN_INFINITE_RECURSION = YES;
				CLANG_WARN_INT_CONVERSION = YES;
				CLANG_WARN_NON_LITERAL_NULL_CONVERSION = YES;
				CLANG_WARN_OBJC_IMPLICIT_RETAIN_SELF = YES;
				CLANG_WARN_OBJC_LITERAL_CONVERSION = YES;
				CLANG_WARN_OBJC_ROOT_CLASS = YES_ERROR;
				CLANG_WARN_QUOTED_INCLUDE_IN_FRAMEWORK_HEADER = YES;
				CLANG_WARN_RANGE_LOOP_ANALYSIS = YES;
				CLANG_WARN_STRICT_PROTOTYPES = YES;
				CLANG_WARN_SUSPICIOUS_MOVE = YES;
				CLANG_WARN_UNGUARDED_AVAILABILITY = YES_AGGRESSIVE;
				CLANG_WARN_UNREACHABLE_CODE = YES;
				CLANG_WARN__DUPLICATE_METHOD_MATCH = YES;
				COPY_PHASE_STRIP = NO;
				DEBUG_INFORMATION_FORMAT = "dwarf-with-dsym";
				ENABLE_NS_ASSERTIONS = NO;
				ENABLE_STRICT_OBJC_MSGSEND = YES;
				ENABLE_USER_SCRIPT_SANDBOXING = YES;
				GCC_C_LANGUAGE_STANDARD = gnu17;
				GCC_NO_COMMON_BLOCKS = YES;
				GCC_WARN_64_TO_32_BIT_CONVERSION = YES;
				GCC_WARN_ABOUT_RETURN_TYPE = YES_ERROR;
				GCC_WARN_UNDECLARED_SELECTOR = YES;
				GCC_WARN_UNINITIALIZED_AUTOS = YES_AGGRESSIVE;
				GCC_WARN_UNUSED_FUNCTION = YES;
				GCC_WARN_UNUSED_VARIABLE = YES;
				IPHONEOS_DEPLOYMENT_TARGET = 17.5;
				LOCALIZATION_PREFERS_STRING_CATALOGS = YES;
				MTL_ENABLE_DEBUG_INFO = NO;
				MTL_FAST_MATH = YES;
				SDKROOT = iphoneos;
				SWIFT_COMPILATION_MODE = wholemodule;
				VALIDATE_PRODUCT = YES;
			};
			name = Release;
		};
		2F4C87D22C9BC649001D3BCD /* Debug */ = {
			isa = XCBuildConfiguration;
			buildSettings = {
				ASSETCATALOG_COMPILER_APPICON_NAME = AppIcon;
				ASSETCATALOG_COMPILER_GLOBAL_ACCENT_COLOR_NAME = AccentColor;
				CODE_SIGN_STYLE = Automatic;
				CURRENT_PROJECT_VERSION = 1;
				DEVELOPMENT_TEAM = NF468YG6VH;
				GENERATE_INFOPLIST_FILE = YES;
				INFOPLIST_FILE = Yahtzee/Info.plist;
				INFOPLIST_KEY_UIApplicationSupportsIndirectInputEvents = YES;
				INFOPLIST_KEY_UILaunchStoryboardName = LaunchScreen;
				INFOPLIST_KEY_UIMainStoryboardFile = Main;
				INFOPLIST_KEY_UISupportedInterfaceOrientations_iPad = "UIInterfaceOrientationPortrait UIInterfaceOrientationPortraitUpsideDown UIInterfaceOrientationLandscapeLeft UIInterfaceOrientationLandscapeRight";
				INFOPLIST_KEY_UISupportedInterfaceOrientations_iPhone = "UIInterfaceOrientationPortrait UIInterfaceOrientationLandscapeLeft UIInterfaceOrientationLandscapeRight";
				LD_RUNPATH_SEARCH_PATHS = (
					"$(inherited)",
					"@executable_path/Frameworks",
				);
				MARKETING_VERSION = 1.0;
				PRODUCT_BUNDLE_IDENTIFIER = AaronGarman.Yahtzee;
				PRODUCT_NAME = "$(TARGET_NAME)";
				SWIFT_EMIT_LOC_STRINGS = YES;
				SWIFT_VERSION = 5.0;
				TARGETED_DEVICE_FAMILY = "1,2";
			};
			name = Debug;
		};
		2F4C87D32C9BC649001D3BCD /* Release */ = {
			isa = XCBuildConfiguration;
			buildSettings = {
				ASSETCATALOG_COMPILER_APPICON_NAME = AppIcon;
				ASSETCATALOG_COMPILER_GLOBAL_ACCENT_COLOR_NAME = AccentColor;
				CODE_SIGN_STYLE = Automatic;
				CURRENT_PROJECT_VERSION = 1;
				DEVELOPMENT_TEAM = NF468YG6VH;
				GENERATE_INFOPLIST_FILE = YES;
				INFOPLIST_FILE = Yahtzee/Info.plist;
				INFOPLIST_KEY_UIApplicationSupportsIndirectInputEvents = YES;
				INFOPLIST_KEY_UILaunchStoryboardName = LaunchScreen;
				INFOPLIST_KEY_UIMainStoryboardFile = Main;
				INFOPLIST_KEY_UISupportedInterfaceOrientations_iPad = "UIInterfaceOrientationPortrait UIInterfaceOrientationPortraitUpsideDown UIInterfaceOrientationLandscapeLeft UIInterfaceOrientationLandscapeRight";
				INFOPLIST_KEY_UISupportedInterfaceOrientations_iPhone = "UIInterfaceOrientationPortrait UIInterfaceOrientationLandscapeLeft UIInterfaceOrientationLandscapeRight";
				LD_RUNPATH_SEARCH_PATHS = (
					"$(inherited)",
					"@executable_path/Frameworks",
				);
				MARKETING_VERSION = 1.0;
				PRODUCT_BUNDLE_IDENTIFIER = AaronGarman.Yahtzee;
				PRODUCT_NAME = "$(TARGET_NAME)";
				SWIFT_EMIT_LOC_STRINGS = YES;
				SWIFT_VERSION = 5.0;
				TARGETED_DEVICE_FAMILY = "1,2";
			};
			name = Release;
		};
/* End XCBuildConfiguration section */

/* Begin XCConfigurationList section */
		2F4C87B82C9BC647001D3BCD /* Build configuration list for PBXProject "Yahtzee" */ = {
			isa = XCConfigurationList;
			buildConfigurations = (
				2F4C87CF2C9BC649001D3BCD /* Debug */,
				2F4C87D02C9BC649001D3BCD /* Release */,
			);
			defaultConfigurationIsVisible = 0;
			defaultConfigurationName = Release;
		};
		2F4C87D12C9BC649001D3BCD /* Build configuration list for PBXNativeTarget "Yahtzee" */ = {
			isa = XCConfigurationList;
			buildConfigurations = (
				2F4C87D22C9BC649001D3BCD /* Debug */,
				2F4C87D32C9BC649001D3BCD /* Release */,
			);
			defaultConfigurationIsVisible = 0;
			defaultConfigurationName = Release;
		};
/* End XCConfigurationList section */
	};
	rootObject = 2F4C87B52C9BC647001D3BCD /* Project object */;
}
